
Microsoft Visual Studio Solution File, Format Version 12.00
# Visual Studio Version 17
VisualStudioVersion = 17.2.32616.157
MinimumVisualStudioVersion = 10.0.40219.1
Project("{FAE04EC0-301F-11D3-BF4B-00C04F79EFBC}") = "Stack-ExpEval", "Stack-ExpEval.csproj", "{D5E44DBE-DBCF-405E-9FC6-07BC21824115}"
EndProject
Global
	GlobalSection(SolutionConfigurationPlatforms) = preSolution
		Debug|Any CPU = Debug|Any CPU
		Release|Any CPU = Release|Any CPU
	EndGlobalSection
	GlobalSection(ProjectConfigurationPlatforms) = postSolution
		{D5E44DBE-DBCF-405E-9FC6-07BC21824115}.Debug|Any CPU.ActiveCfg = Debug|Any CPU
		{D5E44DBE-DBCF-405E-9FC6-07BC21824115}.Debug|Any CPU.Build.0 = Debug|Any CPU
		{D5E44DBE-DBCF-405E-9FC6-07BC21824115}.Release|Any CPU.ActiveCfg = Release|Any CPU
		{D5E44DBE-DBCF-405E-9FC6-07BC21824115}.Release|Any CPU.Build.0 = Release|Any CPU
	EndGlobalSection
	GlobalSection(SolutionProperties) = preSolution
		HideSolutionNode = FALSE
	EndGlobalSection
	GlobalSection(ExtensibilityGlobals) = postSolution
		SolutionGuid = {D7F2EF71-2B7B-49F8-BA68-A365D88D73C2}
	EndGlobalSection
EndGlobal
